
Microsoft Visual Studio Solution File, Format Version 12.00
# Visual Studio Version 17
VisualStudioVersion = 17.14.36127.28
MinimumVisualStudioVersion = 10.0.40219.1
Project("{F184B08F-C81C-45F6-A57F-5ABD9991F28F}") = "OMC_LASTEST", "OMC_LASTEST\OMC_LASTEST.vbproj", "{AD3A301B-7A8E-4899-82B2-C6998DA06BED}"
EndProject
Project("{2150E333-8FDC-42A3-9474-1A3956D46DE8}") = "Solution Items", "Solution Items", "{8EC462FD-D22E-90A8-E5CE-7E832BA40C5D}"
EndProject
Global
	GlobalSection(SolutionConfigurationPlatforms) = preSolution
		Debug|Any CPU = Debug|Any CPU
		Debug|x64 = Debug|x64
		Release|Any CPU = Release|Any CPU
		Release|x64 = Release|x64
	EndGlobalSection
	GlobalSection(ProjectConfigurationPlatforms) = postSolution
		{AD3A301B-7A8E-4899-82B2-C6998DA06BED}.Debug|Any CPU.ActiveCfg = Debug|Any CPU
		{AD3A301B-7A8E-4899-82B2-C6998DA06BED}.Debug|Any CPU.Build.0 = Debug|Any CPU
		{AD3A301B-7A8E-4899-82B2-C6998DA06BED}.Debug|x64.ActiveCfg = Debug|x64
		{AD3A301B-7A8E-4899-82B2-C6998DA06BED}.Debug|x64.Build.0 = Debug|x64
		{AD3A301B-7A8E-4899-82B2-C6998DA06BED}.Release|Any CPU.ActiveCfg = Release|Any CPU
		{AD3A301B-7A8E-4899-82B2-C6998DA06BED}.Release|Any CPU.Build.0 = Release|Any CPU
		{AD3A301B-7A8E-4899-82B2-C6998DA06BED}.Release|x64.ActiveCfg = Release|x64
		{AD3A301B-7A8E-4899-82B2-C6998DA06BED}.Release|x64.Build.0 = Release|x64
	EndGlobalSection
	GlobalSection(SolutionProperties) = preSolution
		HideSolutionNode = FALSE
	EndGlobalSection
	GlobalSection(ExtensibilityGlobals) = postSolution
		SolutionGuid = {CA891B44-9055-4FB5-8864-FE044ED208A9}
	EndGlobalSection
EndGlobal
